
Microsoft Visual Studio Solution File, Format Version 12.00
Project("{FAE04EC0-301F-11D3-BF4B-00C04F79EFBC}") = "P14ForLoops", "P14ForLoops\P14ForLoops.csproj", "{A22005B6-2962-40E5-989F-4E0FDEE97BCB}"
EndProject
Global
	GlobalSection(SolutionConfigurationPlatforms) = preSolution
		Debug|Any CPU = Debug|Any CPU
		Release|Any CPU = Release|Any CPU
	EndGlobalSection
	GlobalSection(ProjectConfigurationPlatforms) = postSolution
		{A22005B6-2962-40E5-989F-4E0FDEE97BCB}.Debug|Any CPU.ActiveCfg = Debug|Any CPU
		{A22005B6-2962-40E5-989F-4E0FDEE97BCB}.Debug|Any CPU.Build.0 = Debug|Any CPU
		{A22005B6-2962-40E5-989F-4E0FDEE97BCB}.Release|Any CPU.ActiveCfg = Release|Any CPU
		{A22005B6-2962-40E5-989F-4E0FDEE97BCB}.Release|Any CPU.Build.0 = Release|Any CPU
	EndGlobalSection
EndGlobal
